# This file is automatically @generated by Poetry 1.8.2 and should not be changed by hand.

[[package]]
name = "svg-py"
version = "1.4.3"
description = "SVG drawing library"
optional = false
python-versions = ">=3.7"
files = [
    {file = "svg_py-1.4.3-py3-none-any.whl", hash = "sha256:f76db56ff5439294b32e55f4151eb4b4fcad376dfbad70a989e29a5391994d76"},
    {file = "svg_py-1.4.3.tar.gz", hash = "sha256:d03d87549fb12e1ddcf367420fc196703d725e50b81c44ec2388e0530fc8bab3"},
]

[package.extras]
dev = ["isort", "mypy", "pytest"]

[metadata]
lock-version = "2.0"
python-versions = "^3.12"
content-hash = "e8c6dbae5e72a386b121cb2456dc722e40447f630678169b1ec8a534f3a78ea2"
